{
  "name": "react-native-accurate-step-counter",
  "version": "2.0.3",
  "lockfileVersion": 2,
  "requires": true,
  "packages": {
    "": {
      "name": "react-native-accurate-step-counter",
      "version": "2.0.3",
      "license": "MIT",
      "dependencies": {
        "react-native-shake": "^4.0.2"
      }
    },
    "node_modules/react-native-shake": {
      "version": "4.0.2",
      "resolved": "https://registry.npmjs.org/react-native-shake/-/react-native-shake-4.0.2.tgz",
      "integrity": "sha512-2niPeI2d5blkbtOwHZ9aoPEue5Uas2IViZKc3jMJ7NIycSQKBw/gRhEYl4mNagCOF6zD6b30lQRBEqhCZvkAoA==",
      "peerDependencies": {
        "react": "*",
        "react-native": "*"
      }
    }
  },
  "dependencies": {
    "react-native-shake": {
      "version": "4.0.2",
      "resolved": "https://registry.npmjs.org/react-native-shake/-/react-native-shake-4.0.2.tgz",
      "integrity": "sha512-2niPeI2d5blkbtOwHZ9aoPEue5Uas2IViZKc3jMJ7NIycSQKBw/gRhEYl4mNagCOF6zD6b30lQRBEqhCZvkAoA=="
    }
  }
}
